PODS:
  - FinApplet (2.37.11)
  - WechatOpenSDK (1.9.7)

DEPENDENCIES:
  - FinApplet
  - WechatOpenSDK

SPEC REPOS:
  trunk:
    - FinApplet
    - WechatOpenSDK

SPEC CHECKSUMS:
  FinApplet: a79adb6841bd6090da812f5e5881d3d358aaf1b5
  WechatOpenSDK: 2f0ae448c7525cb5c27db5f7aa0f568de0988fa4

PODFILE CHECKSUM: 517c6cc5bf9d3f5566f63bcd996de35fe176c9f3

COCOAPODS: 1.11.3
