// !$*UTF8*$!
{
	archiveVersion = 1;
	classes = {
	};
	objectVersion = 55;
	objects = {

/* Begin PBXBuildFile section */
		2D09077C3F83D7071E7CEFE7 /* Pods_FinAppletWXExt.framework in Frameworks */ = {isa = PBXBuildFile; fileRef = 1D471F2D8BC9261BC8EEC68C /* Pods_FinAppletWXExt.framework */; };
		EE7A6E9328C05DCD0044ABE4 /* FATWXExtButtonOpenTypeDelegate.h in Headers */ = {isa = PBXBuildFile; fileRef = EE7A6E9228C05DCD0044ABE4 /* FATWXExtButtonOpenTypeDelegate.h */; settings = {ATTRIBUTES = (Public, ); }; };
		EE90430C28B375AF00BEB853 /* FATWXUtils.h in Headers */ = {isa = PBXBuildFile; fileRef = EE90430A28B375AF00BEB853 /* FATWXUtils.h */; };
		EE90430D28B375AF00BEB853 /* FATWXUtils.m in Sources */ = {isa = PBXBuildFile; fileRef = EE90430B28B375AF00BEB853 /* FATWXUtils.m */; };
		EEA3BB2E28ACDA300091D2DF /* FinAppletWXExt.docc in Sources */ = {isa = PBXBuildFile; fileRef = EEA3BB2D28ACDA300091D2DF /* FinAppletWXExt.docc */; };
		EEA3BB3428ACDA300091D2DF /* FinAppletWXExt.framework in Frameworks */ = {isa = PBXBuildFile; fileRef = EEA3BB2928ACDA300091D2DF /* FinAppletWXExt.framework */; };
		EEA3BB3928ACDA300091D2DF /* FinAppletWXExtTests.m in Sources */ = {isa = PBXBuildFile; fileRef = EEA3BB3828ACDA300091D2DF /* FinAppletWXExtTests.m */; };
		EEA3BB3A28ACDA300091D2DF /* FinAppletWXExt.h in Headers */ = {isa = PBXBuildFile; fileRef = EEA3BB2C28ACDA300091D2DF /* FinAppletWXExt.h */; settings = {ATTRIBUTES = (Public, ); }; };
		EEA3BB4928AE72810091D2DF /* FATWXExtBaseApi.h in Headers */ = {isa = PBXBuildFile; fileRef = EEA3BB4728AE72810091D2DF /* FATWXExtBaseApi.h */; };
		EEA3BB4A28AE72810091D2DF /* FATWXExtBaseApi.m in Sources */ = {isa = PBXBuildFile; fileRef = EEA3BB4828AE72810091D2DF /* FATWXExtBaseApi.m */; };
		EEA3BB4D28AE77410091D2DF /* FATWXExtComponent.h in Headers */ = {isa = PBXBuildFile; fileRef = EEA3BB4B28AE77410091D2DF /* FATWXExtComponent.h */; settings = {ATTRIBUTES = (Public, ); }; };
		EEA3BB4E28AE77410091D2DF /* FATWXExtComponent.m in Sources */ = {isa = PBXBuildFile; fileRef = EEA3BB4C28AE77410091D2DF /* FATWXExtComponent.m */; };
		EEA3BB5128AE7AA90091D2DF /* FATExt_login.h in Headers */ = {isa = PBXBuildFile; fileRef = EEA3BB4F28AE7AA80091D2DF /* FATExt_login.h */; };
		EEA3BB5228AE7AA90091D2DF /* FATExt_login.m in Sources */ = {isa = PBXBuildFile; fileRef = EEA3BB5028AE7AA90091D2DF /* FATExt_login.m */; };
		EEA3BB5528AE7AC40091D2DF /* FATExt_getUserProfile.h in Headers */ = {isa = PBXBuildFile; fileRef = EEA3BB5328AE7AC40091D2DF /* FATExt_getUserProfile.h */; };
		EEA3BB5628AE7AC40091D2DF /* FATExt_getUserProfile.m in Sources */ = {isa = PBXBuildFile; fileRef = EEA3BB5428AE7AC40091D2DF /* FATExt_getUserProfile.m */; };
		EEA3BB5928AE7AD40091D2DF /* FATExt_requestPayment.h in Headers */ = {isa = PBXBuildFile; fileRef = EEA3BB5728AE7AD40091D2DF /* FATExt_requestPayment.h */; };
		EEA3BB5A28AE7AD40091D2DF /* FATExt_requestPayment.m in Sources */ = {isa = PBXBuildFile; fileRef = EEA3BB5828AE7AD40091D2DF /* FATExt_requestPayment.m */; };
		EEA3BB6E28B117730091D2DF /* FATWXApiManager.h in Headers */ = {isa = PBXBuildFile; fileRef = EEA3BB6C28B117730091D2DF /* FATWXApiManager.h */; settings = {ATTRIBUTES = (Public, ); }; };
		EEA3BB6F28B117730091D2DF /* FATWXApiManager.m in Sources */ = {isa = PBXBuildFile; fileRef = EEA3BB6D28B117730091D2DF /* FATWXApiManager.m */; };
		EEA3BB7228B25E680091D2DF /* FATDelegateClientHelper.h in Headers */ = {isa = PBXBuildFile; fileRef = EEA3BB7028B25E680091D2DF /* FATDelegateClientHelper.h */; settings = {ATTRIBUTES = (Public, ); }; };
		EEA3BB7328B25E680091D2DF /* FATDelegateClientHelper.m in Sources */ = {isa = PBXBuildFile; fileRef = EEA3BB7128B25E680091D2DF /* FATDelegateClientHelper.m */; };
		EEF32AC028B75802008DCC45 /* FATExt_testJump.m in Sources */ = {isa = PBXBuildFile; fileRef = EEF32ABE28B75802008DCC45 /* FATExt_testJump.m */; };
		EEF32AC128B75802008DCC45 /* FATExt_testJump.h in Headers */ = {isa = PBXBuildFile; fileRef = EEF32ABF28B75802008DCC45 /* FATExt_testJump.h */; };
/* End PBXBuildFile section */

/* Begin PBXContainerItemProxy section */
		EEA3BB3528ACDA300091D2DF /* PBXContainerItemProxy */ = {
			isa = PBXContainerItemProxy;
			containerPortal = EEA3BB2028ACDA300091D2DF /* Project object */;
			proxyType = 1;
			remoteGlobalIDString = EEA3BB2828ACDA300091D2DF;
			remoteInfo = FinAppletWXExt;
		};
/* End PBXContainerItemProxy section */

/* Begin PBXFileReference section */
		1D471F2D8BC9261BC8EEC68C /* Pods_FinAppletWXExt.framework */ = {isa = PBXFileReference; explicitFileType = wrapper.framework; includeInIndex = 0; path = Pods_FinAppletWXExt.framework; sourceTree = BUILT_PRODUCTS_DIR; };
		34A1FC8C0B66F40BD85005C0 /* Pods-FinAppletWXExt.debug.xcconfig */ = {isa = PBXFileReference; includeInIndex = 1; lastKnownFileType = text.xcconfig; name = "Pods-FinAppletWXExt.debug.xcconfig"; path = "Target Support Files/Pods-FinAppletWXExt/Pods-FinAppletWXExt.debug.xcconfig"; sourceTree = "<group>"; };
		E13C68B857096563FF053F23 /* Pods-FinAppletWXExt.release.xcconfig */ = {isa = PBXFileReference; includeInIndex = 1; lastKnownFileType = text.xcconfig; name = "Pods-FinAppletWXExt.release.xcconfig"; path = "Target Support Files/Pods-FinAppletWXExt/Pods-FinAppletWXExt.release.xcconfig"; sourceTree = "<group>"; };
		EE7A6E9228C05DCD0044ABE4 /* FATWXExtButtonOpenTypeDelegate.h */ = {isa = PBXFileReference; fileEncoding = 4; lastKnownFileType = sourcecode.c.h; path = FATWXExtButtonOpenTypeDelegate.h; sourceTree = "<group>"; };
		EE85854228B3B5F7007B5608 /* Info.plist */ = {isa = PBXFileReference; lastKnownFileType = text.plist.xml; path = Info.plist; sourceTree = "<group>"; };
		EE90430A28B375AF00BEB853 /* FATWXUtils.h */ = {isa = PBXFileReference; lastKnownFileType = sourcecode.c.h; path = FATWXUtils.h; sourceTree = "<group>"; };
		EE90430B28B375AF00BEB853 /* FATWXUtils.m */ = {isa = PBXFileReference; lastKnownFileType = sourcecode.c.objc; path = FATWXUtils.m; sourceTree = "<group>"; };
		EEA3BB2928ACDA300091D2DF /* FinAppletWXExt.framework */ = {isa = PBXFileReference; explicitFileType = wrapper.framework; includeInIndex = 0; path = FinAppletWXExt.framework; sourceTree = BUILT_PRODUCTS_DIR; };
		EEA3BB2C28ACDA300091D2DF /* FinAppletWXExt.h */ = {isa = PBXFileReference; lastKnownFileType = sourcecode.c.h; path = FinAppletWXExt.h; sourceTree = "<group>"; };
		EEA3BB2D28ACDA300091D2DF /* FinAppletWXExt.docc */ = {isa = PBXFileReference; lastKnownFileType = folder.documentationcatalog; path = FinAppletWXExt.docc; sourceTree = "<group>"; };
		EEA3BB3328ACDA300091D2DF /* FinAppletWXExtTests.xctest */ = {isa = PBXFileReference; explicitFileType = wrapper.cfbundle; includeInIndex = 0; path = FinAppletWXExtTests.xctest; sourceTree = BUILT_PRODUCTS_DIR; };
		EEA3BB3828ACDA300091D2DF /* FinAppletWXExtTests.m */ = {isa = PBXFileReference; lastKnownFileType = sourcecode.c.objc; path = FinAppletWXExtTests.m; sourceTree = "<group>"; };
		EEA3BB4728AE72810091D2DF /* FATWXExtBaseApi.h */ = {isa = PBXFileReference; lastKnownFileType = sourcecode.c.h; path = FATWXExtBaseApi.h; sourceTree = "<group>"; };
		EEA3BB4828AE72810091D2DF /* FATWXExtBaseApi.m */ = {isa = PBXFileReference; lastKnownFileType = sourcecode.c.objc; path = FATWXExtBaseApi.m; sourceTree = "<group>"; };
		EEA3BB4B28AE77410091D2DF /* FATWXExtComponent.h */ = {isa = PBXFileReference; fileEncoding = 4; lastKnownFileType = sourcecode.c.h; path = FATWXExtComponent.h; sourceTree = "<group>"; };
		EEA3BB4C28AE77410091D2DF /* FATWXExtComponent.m */ = {isa = PBXFileReference; fileEncoding = 4; lastKnownFileType = sourcecode.c.objc; path = FATWXExtComponent.m; sourceTree = "<group>"; };
		EEA3BB4F28AE7AA80091D2DF /* FATExt_login.h */ = {isa = PBXFileReference; lastKnownFileType = sourcecode.c.h; path = FATExt_login.h; sourceTree = "<group>"; };
		EEA3BB5028AE7AA90091D2DF /* FATExt_login.m */ = {isa = PBXFileReference; lastKnownFileType = sourcecode.c.objc; path = FATExt_login.m; sourceTree = "<group>"; };
		EEA3BB5328AE7AC40091D2DF /* FATExt_getUserProfile.h */ = {isa = PBXFileReference; lastKnownFileType = sourcecode.c.h; path = FATExt_getUserProfile.h; sourceTree = "<group>"; };
		EEA3BB5428AE7AC40091D2DF /* FATExt_getUserProfile.m */ = {isa = PBXFileReference; lastKnownFileType = sourcecode.c.objc; path = FATExt_getUserProfile.m; sourceTree = "<group>"; };
		EEA3BB5728AE7AD40091D2DF /* FATExt_requestPayment.h */ = {isa = PBXFileReference; lastKnownFileType = sourcecode.c.h; path = FATExt_requestPayment.h; sourceTree = "<group>"; };
		EEA3BB5828AE7AD40091D2DF /* FATExt_requestPayment.m */ = {isa = PBXFileReference; lastKnownFileType = sourcecode.c.objc; path = FATExt_requestPayment.m; sourceTree = "<group>"; };
		EEA3BB6C28B117730091D2DF /* FATWXApiManager.h */ = {isa = PBXFileReference; fileEncoding = 4; lastKnownFileType = sourcecode.c.h; path = FATWXApiManager.h; sourceTree = "<group>"; };
		EEA3BB6D28B117730091D2DF /* FATWXApiManager.m */ = {isa = PBXFileReference; fileEncoding = 4; lastKnownFileType = sourcecode.c.objc; path = FATWXApiManager.m; sourceTree = "<group>"; };
		EEA3BB7028B25E680091D2DF /* FATDelegateClientHelper.h */ = {isa = PBXFileReference; lastKnownFileType = sourcecode.c.h; path = FATDelegateClientHelper.h; sourceTree = "<group>"; };
		EEA3BB7128B25E680091D2DF /* FATDelegateClientHelper.m */ = {isa = PBXFileReference; lastKnownFileType = sourcecode.c.objc; path = FATDelegateClientHelper.m; sourceTree = "<group>"; };
		EED51491A230AC3B09CD8F5A /* Pods_FinAppletWXExt.framework */ = {isa = PBXFileReference; explicitFileType = wrapper.framework; includeInIndex = 0; path = Pods_FinAppletWXExt.framework; sourceTree = BUILT_PRODUCTS_DIR; };
		EEF32ABE28B75802008DCC45 /* FATExt_testJump.m */ = {isa = PBXFileReference; fileEncoding = 4; lastKnownFileType = sourcecode.c.objc; path = FATExt_testJump.m; sourceTree = "<group>"; };
		EEF32ABF28B75802008DCC45 /* FATExt_testJump.h */ = {isa = PBXFileReference; fileEncoding = 4; lastKnownFileType = sourcecode.c.h; path = FATExt_testJump.h; sourceTree = "<group>"; };
/* End PBXFileReference section */

/* Begin PBXFrameworksBuildPhase section */
		EEA3BB2628ACDA300091D2DF /* Frameworks */ = {
			isa = PBXFrameworksBuildPhase;
			buildActionMask = 2147483647;
			files = (
				2D09077C3F83D7071E7CEFE7 /* Pods_FinAppletWXExt.framework in Frameworks */,
			);
			runOnlyForDeploymentPostprocessing = 0;
		};
		EEA3BB3028ACDA300091D2DF /* Frameworks */ = {
			isa = PBXFrameworksBuildPhase;
			buildActionMask = 2147483647;
			files = (
				EEA3BB3428ACDA300091D2DF /* FinAppletWXExt.framework in Frameworks */,
			);
			runOnlyForDeploymentPostprocessing = 0;
		};
/* End PBXFrameworksBuildPhase section */

/* Begin PBXGroup section */
		6217728CEDDD16FF1D0342BE /* Frameworks */ = {
			isa = PBXGroup;
			children = (
				1D471F2D8BC9261BC8EEC68C /* Pods_FinAppletWXExt.framework */,
			);
			name = Frameworks;
			sourceTree = "<group>";
		};
		7BADD3455D9E2C3E51C391BC /* Pods */ = {
			isa = PBXGroup;
			children = (
				34A1FC8C0B66F40BD85005C0 /* Pods-FinAppletWXExt.debug.xcconfig */,
				E13C68B857096563FF053F23 /* Pods-FinAppletWXExt.release.xcconfig */,
			);
			path = Pods;
			sourceTree = "<group>";
		};
		EE7A6E9128C05D250044ABE4 /* base */ = {
			isa = PBXGroup;
			children = (
				EEA3BB4728AE72810091D2DF /* FATWXExtBaseApi.h */,
				EEA3BB4828AE72810091D2DF /* FATWXExtBaseApi.m */,
			);
			path = base;
			sourceTree = "<group>";
		};
		EE90430E28B375B400BEB853 /* Tools */ = {
			isa = PBXGroup;
			children = (
				EE90430A28B375AF00BEB853 /* FATWXUtils.h */,
				EE90430B28B375AF00BEB853 /* FATWXUtils.m */,
			);
			path = Tools;
			sourceTree = "<group>";
		};
		EEA3BB1F28ACDA300091D2DF = {
			isa = PBXGroup;
			children = (
				EEA3BB2B28ACDA300091D2DF /* FinAppletWXExt */,
				EEA3BB3728ACDA300091D2DF /* FinAppletWXExtTests */,
				EEA3BB2A28ACDA300091D2DF /* Products */,
				7BADD3455D9E2C3E51C391BC /* Pods */,
				6217728CEDDD16FF1D0342BE /* Frameworks */,
			);
			sourceTree = "<group>";
		};
		EEA3BB2A28ACDA300091D2DF /* Products */ = {
			isa = PBXGroup;
			children = (
				EEA3BB2928ACDA300091D2DF /* FinAppletWXExt.framework */,
				EEA3BB3328ACDA300091D2DF /* FinAppletWXExtTests.xctest */,
			);
			name = Products;
			sourceTree = "<group>";
		};
		EEA3BB2B28ACDA300091D2DF /* FinAppletWXExt */ = {
			isa = PBXGroup;
			children = (
				EEA3BB2C28ACDA300091D2DF /* FinAppletWXExt.h */,
				EE85854228B3B5F7007B5608 /* Info.plist */,
				EEA3BB4B28AE77410091D2DF /* FATWXExtComponent.h */,
				EEA3BB4C28AE77410091D2DF /* FATWXExtComponent.m */,
				EE7A6E9228C05DCD0044ABE4 /* FATWXExtButtonOpenTypeDelegate.h */,
				EEA3BB6C28B117730091D2DF /* FATWXApiManager.h */,
				EEA3BB6D28B117730091D2DF /* FATWXApiManager.m */,
				EE90430E28B375B400BEB853 /* Tools */,
				EE7A6E9128C05D250044ABE4 /* base */,
				EEA3BB7428B25E770091D2DF /* api */,
				EEA3BB7028B25E680091D2DF /* FATDelegateClientHelper.h */,
				EEA3BB7128B25E680091D2DF /* FATDelegateClientHelper.m */,
				EEA3BB2D28ACDA300091D2DF /* FinAppletWXExt.docc */,
			);
			path = FinAppletWXExt;
			sourceTree = "<group>";
		};
		EEA3BB3728ACDA300091D2DF /* FinAppletWXExtTests */ = {
			isa = PBXGroup;
			children = (
				EEA3BB3828ACDA300091D2DF /* FinAppletWXExtTests.m */,
			);
			path = FinAppletWXExtTests;
			sourceTree = "<group>";
		};
		EEA3BB7428B25E770091D2DF /* api */ = {
			isa = PBXGroup;
			children = (
				EEA3BB4F28AE7AA80091D2DF /* FATExt_login.h */,
				EEA3BB5028AE7AA90091D2DF /* FATExt_login.m */,
				EEF32ABF28B75802008DCC45 /* FATExt_testJump.h */,
				EEF32ABE28B75802008DCC45 /* FATExt_testJump.m */,
				EEA3BB5328AE7AC40091D2DF /* FATExt_getUserProfile.h */,
				EEA3BB5428AE7AC40091D2DF /* FATExt_getUserProfile.m */,
				EEA3BB5728AE7AD40091D2DF /* FATExt_requestPayment.h */,
				EEA3BB5828AE7AD40091D2DF /* FATExt_requestPayment.m */,
			);
			path = api;
			sourceTree = "<group>";
		};
/* End PBXGroup section */

/* Begin PBXHeadersBuildPhase section */
		EEA3BB2428ACDA300091D2DF /* Headers */ = {
			isa = PBXHeadersBuildPhase;
			buildActionMask = 2147483647;
			files = (
				EEA3BB7228B25E680091D2DF /* FATDelegateClientHelper.h in Headers */,
				EEA3BB5128AE7AA90091D2DF /* FATExt_login.h in Headers */,
				EEA3BB5928AE7AD40091D2DF /* FATExt_requestPayment.h in Headers */,
				EEA3BB4928AE72810091D2DF /* FATWXExtBaseApi.h in Headers */,
				EEF32AC128B75802008DCC45 /* FATExt_testJump.h in Headers */,
				EEA3BB4D28AE77410091D2DF /* FATWXExtComponent.h in Headers */,
				EEA3BB3A28ACDA300091D2DF /* FinAppletWXExt.h in Headers */,
				EE7A6E9328C05DCD0044ABE4 /* FATWXExtButtonOpenTypeDelegate.h in Headers */,
				EE90430C28B375AF00BEB853 /* FATWXUtils.h in Headers */,
				EEA3BB6E28B117730091D2DF /* FATWXApiManager.h in Headers */,
				EEA3BB5528AE7AC40091D2DF /* FATExt_getUserProfile.h in Headers */,
			);
			runOnlyForDeploymentPostprocessing = 0;
		};
/* End PBXHeadersBuildPhase section */

/* Begin PBXNativeTarget section */
		EEA3BB2828ACDA300091D2DF /* FinAppletWXExt */ = {
			isa = PBXNativeTarget;
			buildConfigurationList = EEA3BB3D28ACDA300091D2DF /* Build configuration list for PBXNativeTarget "FinAppletWXExt" */;
			buildPhases = (
				231544A9ADF36C38097CE170 /* [CP] Check Pods Manifest.lock */,
				EEA3BB2428ACDA300091D2DF /* Headers */,
				EEA3BB2528ACDA300091D2DF /* Sources */,
				EEA3BB2628ACDA300091D2DF /* Frameworks */,
				EEA3BB2728ACDA300091D2DF /* Resources */,
			);
			buildRules = (
			);
			dependencies = (
			);
			name = FinAppletWXExt;
			productName = FinAppletWXExt;
			productReference = EEA3BB2928ACDA300091D2DF /* FinAppletWXExt.framework */;
			productType = "com.apple.product-type.framework";
		};
		EEA3BB3228ACDA300091D2DF /* FinAppletWXExtTests */ = {
			isa = PBXNativeTarget;
			buildConfigurationList = EEA3BB4028ACDA300091D2DF /* Build configuration list for PBXNativeTarget "FinAppletWXExtTests" */;
			buildPhases = (
				EEA3BB2F28ACDA300091D2DF /* Sources */,
				EEA3BB3028ACDA300091D2DF /* Frameworks */,
				EEA3BB3128ACDA300091D2DF /* Resources */,
			);
			buildRules = (
			);
			dependencies = (
				EEA3BB3628ACDA300091D2DF /* PBXTargetDependency */,
			);
			name = FinAppletWXExtTests;
			productName = FinAppletWXExtTests;
			productReference = EEA3BB3328ACDA300091D2DF /* FinAppletWXExtTests.xctest */;
			productType = "com.apple.product-type.bundle.unit-test";
		};
/* End PBXNativeTarget section */

/* Begin PBXProject section */
		EEA3BB2028ACDA300091D2DF /* Project object */ = {
			isa = PBXProject;
			attributes = {
				BuildIndependentTargetsInParallel = 1;
				LastUpgradeCheck = 1340;
				TargetAttributes = {
					EEA3BB2828ACDA300091D2DF = {
						CreatedOnToolsVersion = 13.4.1;
					};
					EEA3BB3228ACDA300091D2DF = {
						CreatedOnToolsVersion = 13.4.1;
					};
				};
			};
			buildConfigurationList = EEA3BB2328ACDA300091D2DF /* Build configuration list for PBXProject "FinAppletWXExt" */;
			compatibilityVersion = "Xcode 13.0";
			developmentRegion = en;
			hasScannedForEncodings = 0;
			knownRegions = (
				en,
				Base,
			);
			mainGroup = EEA3BB1F28ACDA300091D2DF;
			productRefGroup = EEA3BB2A28ACDA300091D2DF /* Products */;
			projectDirPath = "";
			projectRoot = "";
			targets = (
				EEA3BB2828ACDA300091D2DF /* FinAppletWXExt */,
				EEA3BB3228ACDA300091D2DF /* FinAppletWXExtTests */,
			);
		};
/* End PBXProject section */

/* Begin PBXResourcesBuildPhase section */
		EEA3BB2728ACDA300091D2DF /* Resources */ = {
			isa = PBXResourcesBuildPhase;
			buildActionMask = 2147483647;
			files = (
			);
			runOnlyForDeploymentPostprocessing = 0;
		};
		EEA3BB3128ACDA300091D2DF /* Resources */ = {
			isa = PBXResourcesBuildPhase;
			buildActionMask = 2147483647;
			files = (
			);
			runOnlyForDeploymentPostprocessing = 0;
		};
/* End PBXResourcesBuildPhase section */

/* Begin PBXShellScriptBuildPhase section */
		231544A9ADF36C38097CE170 /* [CP] Check Pods Manifest.lock */ = {
			isa = PBXShellScriptBuildPhase;
			buildActionMask = 2147483647;
			files = (
			);
			inputFileListPaths = (
			);
			inputPaths = (
				"${PODS_PODFILE_DIR_PATH}/Podfile.lock",
				"${PODS_ROOT}/Manifest.lock",
			);
			name = "[CP] Check Pods Manifest.lock";
			outputFileListPaths = (
			);
			outputPaths = (
				"$(DERIVED_FILE_DIR)/Pods-FinAppletWXExt-checkManifestLockResult.txt",
			);
			runOnlyForDeploymentPostprocessing = 0;
			shellPath = /bin/sh;
			shellScript = "diff \"${PODS_PODFILE_DIR_PATH}/Podfile.lock\" \"${PODS_ROOT}/Manifest.lock\" > /dev/null\nif [ $? != 0 ] ; then\n    # print error to STDERR\n    echo \"error: The sandbox is not in sync with the Podfile.lock. Run 'pod install' or update your CocoaPods installation.\" >&2\n    exit 1\nfi\n# This output is used by Xcode 'outputs' to avoid re-running this script phase.\necho \"SUCCESS\" > \"${SCRIPT_OUTPUT_FILE_0}\"\n";
			showEnvVarsInLog = 0;
		};
/* End PBXShellScriptBuildPhase section */

/* Begin PBXSourcesBuildPhase section */
		EEA3BB2528ACDA300091D2DF /* Sources */ = {
			isa = PBXSourcesBuildPhase;
			buildActionMask = 2147483647;
			files = (
				EEA3BB2E28ACDA300091D2DF /* FinAppletWXExt.docc in Sources */,
				EEA3BB5228AE7AA90091D2DF /* FATExt_login.m in Sources */,
				EE90430D28B375AF00BEB853 /* FATWXUtils.m in Sources */,
				EEA3BB4E28AE77410091D2DF /* FATWXExtComponent.m in Sources */,
				EEA3BB6F28B117730091D2DF /* FATWXApiManager.m in Sources */,
				EEA3BB4A28AE72810091D2DF /* FATWXExtBaseApi.m in Sources */,
				EEA3BB5A28AE7AD40091D2DF /* FATExt_requestPayment.m in Sources */,
				EEA3BB7328B25E680091D2DF /* FATDelegateClientHelper.m in Sources */,
				EEA3BB5628AE7AC40091D2DF /* FATExt_getUserProfile.m in Sources */,
				EEF32AC028B75802008DCC45 /* FATExt_testJump.m in Sources */,
			);
			runOnlyForDeploymentPostprocessing = 0;
		};
		EEA3BB2F28ACDA300091D2DF /* Sources */ = {
			isa = PBXSourcesBuildPhase;
			buildActionMask = 2147483647;
			files = (
				EEA3BB3928ACDA300091D2DF /* FinAppletWXExtTests.m in Sources */,
			);
			runOnlyForDeploymentPostprocessing = 0;
		};
/* End PBXSourcesBuildPhase section */

/* Begin PBXTargetDependency section */
		EEA3BB3628ACDA300091D2DF /* PBXTargetDependency */ = {
			isa = PBXTargetDependency;
			target = EEA3BB2828ACDA300091D2DF /* FinAppletWXExt */;
			targetProxy = EEA3BB3528ACDA300091D2DF /* PBXContainerItemProxy */;
		};
/* End PBXTargetDependency section */

/* Begin XCBuildConfiguration section */
		EEA3BB3B28ACDA300091D2DF /* Debug */ = {
			isa = XCBuildConfiguration;
			buildSettings = {
				ALWAYS_SEARCH_USER_PATHS = NO;
				CLANG_ANALYZER_NONNULL = YES;
				CLANG_ANALYZER_NUMBER_OBJECT_CONVERSION = YES_AGGRESSIVE;
				CLANG_CXX_LANGUAGE_STANDARD = "gnu++17";
				CLANG_ENABLE_MODULES = YES;
				CLANG_ENABLE_OBJC_ARC = YES;
				CLANG_ENABLE_OBJC_WEAK = YES;
				CLANG_WARN_BLOCK_CAPTURE_AUTORELEASING = YES;
				CLANG_WARN_BOOL_CONVERSION = YES;
				CLANG_WARN_COMMA = YES;
				CLANG_WARN_CONSTANT_CONVERSION = YES;
				CLANG_WARN_DEPRECATED_OBJC_IMPLEMENTATIONS = YES;
				CLANG_WARN_DIRECT_OBJC_ISA_USAGE = YES_ERROR;
				CLANG_WARN_DOCUMENTATION_COMMENTS = YES;
				CLANG_WARN_EMPTY_BODY = YES;
				CLANG_WARN_ENUM_CONVERSION = YES;
				CLANG_WARN_INFINITE_RECURSION = YES;
				CLANG_WARN_INT_CONVERSION = YES;
				CLANG_WARN_NON_LITERAL_NULL_CONVERSION = YES;
				CLANG_WARN_OBJC_IMPLICIT_RETAIN_SELF = YES;
				CLANG_WARN_OBJC_LITERAL_CONVERSION = YES;
				CLANG_WARN_OBJC_ROOT_CLASS = YES_ERROR;
				CLANG_WARN_QUOTED_INCLUDE_IN_FRAMEWORK_HEADER = YES;
				CLANG_WARN_RANGE_LOOP_ANALYSIS = YES;
				CLANG_WARN_STRICT_PROTOTYPES = YES;
				CLANG_WARN_SUSPICIOUS_MOVE = YES;
				CLANG_WARN_UNGUARDED_AVAILABILITY = YES_AGGRESSIVE;
				CLANG_WARN_UNREACHABLE_CODE = YES;
				CLANG_WARN__DUPLICATE_METHOD_MATCH = YES;
				COPY_PHASE_STRIP = NO;
				CURRENT_PROJECT_VERSION = 1;
				DEBUG_INFORMATION_FORMAT = dwarf;
				ENABLE_STRICT_OBJC_MSGSEND = YES;
				ENABLE_TESTABILITY = YES;
				GCC_C_LANGUAGE_STANDARD = gnu11;
				GCC_DYNAMIC_NO_PIC = NO;
				GCC_NO_COMMON_BLOCKS = YES;
				GCC_OPTIMIZATION_LEVEL = 0;
				GCC_PREPROCESSOR_DEFINITIONS = (
					"DEBUG=1",
					"$(inherited)",
				);
				GCC_WARN_64_TO_32_BIT_CONVERSION = YES;
				GCC_WARN_ABOUT_RETURN_TYPE = YES_ERROR;
				GCC_WARN_UNDECLARED_SELECTOR = YES;
				GCC_WARN_UNINITIALIZED_AUTOS = YES_AGGRESSIVE;
				GCC_WARN_UNUSED_FUNCTION = YES;
				GCC_WARN_UNUSED_VARIABLE = YES;
				IPHONEOS_DEPLOYMENT_TARGET = 9.0;
				MTL_ENABLE_DEBUG_INFO = INCLUDE_SOURCE;
				MTL_FAST_MATH = YES;
				ONLY_ACTIVE_ARCH = YES;
				SDKROOT = iphoneos;
				VERSIONING_SYSTEM = "apple-generic";
				VERSION_INFO_PREFIX = "";
			};
			name = Debug;
		};
		EEA3BB3C28ACDA300091D2DF /* Release */ = {
			isa = XCBuildConfiguration;
			buildSettings = {
				ALWAYS_SEARCH_USER_PATHS = NO;
				CLANG_ANALYZER_NONNULL = YES;
				CLANG_ANALYZER_NUMBER_OBJECT_CONVERSION = YES_AGGRESSIVE;
				CLANG_CXX_LANGUAGE_STANDARD = "gnu++17";
				CLANG_ENABLE_MODULES = YES;
				CLANG_ENABLE_OBJC_ARC = YES;
				CLANG_ENABLE_OBJC_WEAK = YES;
				CLANG_WARN_BLOCK_CAPTURE_AUTORELEASING = YES;
				CLANG_WARN_BOOL_CONVERSION = YES;
				CLANG_WARN_COMMA = YES;
				CLANG_WARN_CONSTANT_CONVERSION = YES;
				CLANG_WARN_DEPRECATED_OBJC_IMPLEMENTATIONS = YES;
				CLANG_WARN_DIRECT_OBJC_ISA_USAGE = YES_ERROR;
				CLANG_WARN_DOCUMENTATION_COMMENTS = YES;
				CLANG_WARN_EMPTY_BODY = YES;
				CLANG_WARN_ENUM_CONVERSION = YES;
				CLANG_WARN_INFINITE_RECURSION = YES;
				CLANG_WARN_INT_CONVERSION = YES;
				CLANG_WARN_NON_LITERAL_NULL_CONVERSION = YES;
				CLANG_WARN_OBJC_IMPLICIT_RETAIN_SELF = YES;
				CLANG_WARN_OBJC_LITERAL_CONVERSION = YES;
				CLANG_WARN_OBJC_ROOT_CLASS = YES_ERROR;
				CLANG_WARN_QUOTED_INCLUDE_IN_FRAMEWORK_HEADER = YES;
				CLANG_WARN_RANGE_LOOP_ANALYSIS = YES;
				CLANG_WARN_STRICT_PROTOTYPES = YES;
				CLANG_WARN_SUSPICIOUS_MOVE = YES;
				CLANG_WARN_UNGUARDED_AVAILABILITY = YES_AGGRESSIVE;
				CLANG_WARN_UNREACHABLE_CODE = YES;
				CLANG_WARN__DUPLICATE_METHOD_MATCH = YES;
				COPY_PHASE_STRIP = NO;
				CURRENT_PROJECT_VERSION = 1;
				DEBUG_INFORMATION_FORMAT = "dwarf-with-dsym";
				ENABLE_NS_ASSERTIONS = NO;
				ENABLE_STRICT_OBJC_MSGSEND = YES;
				GCC_C_LANGUAGE_STANDARD = gnu11;
				GCC_NO_COMMON_BLOCKS = YES;
				GCC_WARN_64_TO_32_BIT_CONVERSION = YES;
				GCC_WARN_ABOUT_RETURN_TYPE = YES_ERROR;
				GCC_WARN_UNDECLARED_SELECTOR = YES;
				GCC_WARN_UNINITIALIZED_AUTOS = YES_AGGRESSIVE;
				GCC_WARN_UNUSED_FUNCTION = YES;
				GCC_WARN_UNUSED_VARIABLE = YES;
				IPHONEOS_DEPLOYMENT_TARGET = 9.0;
				MTL_ENABLE_DEBUG_INFO = NO;
				MTL_FAST_MATH = YES;
				SDKROOT = iphoneos;
				VALIDATE_PRODUCT = YES;
				VERSIONING_SYSTEM = "apple-generic";
				VERSION_INFO_PREFIX = "";
			};
			name = Release;
		};
		EEA3BB3E28ACDA300091D2DF /* Debug */ = {
			isa = XCBuildConfiguration;
			baseConfigurationReference = 34A1FC8C0B66F40BD85005C0 /* Pods-FinAppletWXExt.debug.xcconfig */;
			buildSettings = {
				CODE_SIGN_STYLE = Automatic;
				CURRENT_PROJECT_VERSION = 1;
				DEFINES_MODULE = YES;
				DYLIB_COMPATIBILITY_VERSION = 1;
				DYLIB_CURRENT_VERSION = 1;
				DYLIB_INSTALL_NAME_BASE = "@rpath";
				ENABLE_BITCODE = NO;
				GENERATE_INFOPLIST_FILE = YES;
				INFOPLIST_KEY_NSHumanReadableCopyright = "";
				INSTALL_PATH = "$(LOCAL_LIBRARY_DIR)/Frameworks";
				IPHONEOS_DEPLOYMENT_TARGET = 9.0;
				LD_RUNPATH_SEARCH_PATHS = (
					"$(inherited)",
					"@executable_path/Frameworks",
					"@loader_path/Frameworks",
				);
				MACH_O_TYPE = staticlib;
				MARKETING_VERSION = 1.0;
				PRODUCT_BUNDLE_IDENTIFIER = com.finogeeks.FinAppletWXExt;
				PRODUCT_NAME = "$(TARGET_NAME:c99extidentifier)";
				SKIP_INSTALL = YES;
				SUPPORTS_MACCATALYST = NO;
				SWIFT_EMIT_LOC_STRINGS = YES;
				TARGETED_DEVICE_FAMILY = "1,2";
			};
			name = Debug;
		};
		EEA3BB3F28ACDA300091D2DF /* Release */ = {
			isa = XCBuildConfiguration;
			baseConfigurationReference = E13C68B857096563FF053F23 /* Pods-FinAppletWXExt.release.xcconfig */;
			buildSettings = {
				CODE_SIGN_STYLE = Automatic;
				CURRENT_PROJECT_VERSION = 1;
				DEFINES_MODULE = YES;
				DYLIB_COMPATIBILITY_VERSION = 1;
				DYLIB_CURRENT_VERSION = 1;
				DYLIB_INSTALL_NAME_BASE = "@rpath";
				ENABLE_BITCODE = NO;
				GENERATE_INFOPLIST_FILE = YES;
				INFOPLIST_KEY_NSHumanReadableCopyright = "";
				INSTALL_PATH = "$(LOCAL_LIBRARY_DIR)/Frameworks";
				IPHONEOS_DEPLOYMENT_TARGET = 9.0;
				LD_RUNPATH_SEARCH_PATHS = (
					"$(inherited)",
					"@executable_path/Frameworks",
					"@loader_path/Frameworks",
				);
				MACH_O_TYPE = staticlib;
				MARKETING_VERSION = 1.0;
				PRODUCT_BUNDLE_IDENTIFIER = com.finogeeks.FinAppletWXExt;
				PRODUCT_NAME = "$(TARGET_NAME:c99extidentifier)";
				SKIP_INSTALL = YES;
				SUPPORTS_MACCATALYST = NO;
				SWIFT_EMIT_LOC_STRINGS = YES;
				TARGETED_DEVICE_FAMILY = "1,2";
			};
			name = Release;
		};
		EEA3BB4128ACDA300091D2DF /* Debug */ = {
			isa = XCBuildConfiguration;
			buildSettings = {
				CODE_SIGN_STYLE = Automatic;
				CURRENT_PROJECT_VERSION = 1;
				GENERATE_INFOPLIST_FILE = YES;
				MARKETING_VERSION = 1.0;
				PRODUCT_BUNDLE_IDENTIFIER = com.finogeeks.FinAppletWXExtTests;
				PRODUCT_NAME = "$(TARGET_NAME)";
				SWIFT_EMIT_LOC_STRINGS = NO;
				TARGETED_DEVICE_FAMILY = "1,2";
			};
			name = Debug;
		};
		EEA3BB4228ACDA300091D2DF /* Release */ = {
			isa = XCBuildConfiguration;
			buildSettings = {
				CODE_SIGN_STYLE = Automatic;
				CURRENT_PROJECT_VERSION = 1;
				GENERATE_INFOPLIST_FILE = YES;
				MARKETING_VERSION = 1.0;
				PRODUCT_BUNDLE_IDENTIFIER = com.finogeeks.FinAppletWXExtTests;
				PRODUCT_NAME = "$(TARGET_NAME)";
				SWIFT_EMIT_LOC_STRINGS = NO;
				TARGETED_DEVICE_FAMILY = "1,2";
			};
			name = Release;
		};
/* End XCBuildConfiguration section */

/* Begin XCConfigurationList section */
		EEA3BB2328ACDA300091D2DF /* Build configuration list for PBXProject "FinAppletWXExt" */ = {
			isa = XCConfigurationList;
			buildConfigurations = (
				EEA3BB3B28ACDA300091D2DF /* Debug */,
				EEA3BB3C28ACDA300091D2DF /* Release */,
			);
			defaultConfigurationIsVisible = 0;
			defaultConfigurationName = Release;
		};
		EEA3BB3D28ACDA300091D2DF /* Build configuration list for PBXNativeTarget "FinAppletWXExt" */ = {
			isa = XCConfigurationList;
			buildConfigurations = (
				EEA3BB3E28ACDA300091D2DF /* Debug */,
				EEA3BB3F28ACDA300091D2DF /* Release */,
			);
			defaultConfigurationIsVisible = 0;
			defaultConfigurationName = Release;
		};
		EEA3BB4028ACDA300091D2DF /* Build configuration list for PBXNativeTarget "FinAppletWXExtTests" */ = {
			isa = XCConfigurationList;
			buildConfigurations = (
				EEA3BB4128ACDA300091D2DF /* Debug */,
				EEA3BB4228ACDA300091D2DF /* Release */,
			);
			defaultConfigurationIsVisible = 0;
			defaultConfigurationName = Release;
		};
/* End XCConfigurationList section */
	};
	rootObject = EEA3BB2028ACDA300091D2DF /* Project object */;
}
